
Microsoft Visual Studio Solution File, Format Version 12.00
# Visual Studio 15
VisualStudioVersion = 15.0.27004.2005
MinimumVisualStudioVersion = 10.0.40219.1
Project("{FAE04EC0-301F-11D3-BF4B-00C04F79EFBC}") = "BE", "BE\BE.csproj", "{202F21E4-B72D-456C-832C-55A80638B587}"
EndProject
Project("{FAE04EC0-301F-11D3-BF4B-00C04F79EFBC}") = "DAL", "DAL\DAL.csproj", "{6BE38091-EDEB-41E2-9AB7-25227B443FFB}"
EndProject
Project("{FAE04EC0-301F-11D3-BF4B-00C04F79EFBC}") = "DS", "DS\DS.csproj", "{33A11B8C-2778-4900-8E73-C3F99ACC8159}"
EndProject
Project("{FAE04EC0-301F-11D3-BF4B-00C04F79EFBC}") = "BL", "BL\BL.csproj", "{BA11D982-EF4E-4320-9FE1-E13E473037D3}"
EndProject
Project("{FAE04EC0-301F-11D3-BF4B-00C04F79EFBC}") = "MAIN_UI", "MAIN\MAIN_UI.csproj", "{E90E9EB7-0806-4CE2-BA52-26FBAC0BE8E4}"
EndProject
Project("{FAE04EC0-301F-11D3-BF4B-00C04F79EFBC}") = "MAIN_PL", "MAIN_PL\MAIN_PL.csproj", "{A55FD3BB-708B-460B-B20B-7E5753FC6854}"
EndProject
Global
	GlobalSection(SolutionConfigurationPlatforms) = preSolution
		Debug|Any CPU = Debug|Any CPU
		Debug|ARM = Debug|ARM
		Debug|x64 = Debug|x64
		Debug|x86 = Debug|x86
		Release|Any CPU = Release|Any CPU
		Release|ARM = Release|ARM
		Release|x64 = Release|x64
		Release|x86 = Release|x86
	EndGlobalSection
	GlobalSection(ProjectConfigurationPlatforms) = postSolution
		{202F21E4-B72D-456C-832C-55A80638B587}.Debug|Any CPU.ActiveCfg = Debug|Any CPU
		{202F21E4-B72D-456C-832C-55A80638B587}.Debug|Any CPU.Build.0 = Debug|Any CPU
		{202F21E4-B72D-456C-832C-55A80638B587}.Debug|ARM.ActiveCfg = Debug|Any CPU
		{202F21E4-B72D-456C-832C-55A80638B587}.Debug|ARM.Build.0 = Debug|Any CPU
		{202F21E4-B72D-456C-832C-55A80638B587}.Debug|x64.ActiveCfg = Debug|Any CPU
		{202F21E4-B72D-456C-832C-55A80638B587}.Debug|x64.Build.0 = Debug|Any CPU
		{202F21E4-B72D-456C-832C-55A80638B587}.Debug|x86.ActiveCfg = Debug|Any CPU
		{202F21E4-B72D-456C-832C-55A80638B587}.Debug|x86.Build.0 = Debug|Any CPU
		{202F21E4-B72D-456C-832C-55A80638B587}.Release|Any CPU.ActiveCfg = Release|Any CPU
		{202F21E4-B72D-456C-832C-55A80638B587}.Release|Any CPU.Build.0 = Release|Any CPU
		{202F21E4-B72D-456C-832C-55A80638B587}.Release|ARM.ActiveCfg = Release|Any CPU
		{202F21E4-B72D-456C-832C-55A80638B587}.Release|ARM.Build.0 = Release|Any CPU
		{202F21E4-B72D-456C-832C-55A80638B587}.Release|x64.ActiveCfg = Release|Any CPU
		{202F21E4-B72D-456C-832C-55A80638B587}.Release|x64.Build.0 = Release|Any CPU
		{202F21E4-B72D-456C-832C-55A80638B587}.Release|x86.ActiveCfg = Release|Any CPU
		{202F21E4-B72D-456C-832C-55A80638B587}.Release|x86.Build.0 = Release|Any CPU
		{6BE38091-EDEB-41E2-9AB7-25227B443FFB}.Debug|Any CPU.ActiveCfg = Debug|Any CPU
		{6BE38091-EDEB-41E2-9AB7-25227B443FFB}.Debug|Any CPU.Build.0 = Debug|Any CPU
		{6BE38091-EDEB-41E2-9AB7-25227B443FFB}.Debug|ARM.ActiveCfg = Debug|Any CPU
		{6BE38091-EDEB-41E2-9AB7-25227B443FFB}.Debug|ARM.Build.0 = Debug|Any CPU
		{6BE38091-EDEB-41E2-9AB7-25227B443FFB}.Debug|x64.ActiveCfg = Debug|Any CPU
		{6BE38091-EDEB-41E2-9AB7-25227B443FFB}.Debug|x64.Build.0 = Debug|Any CPU
		{6BE38091-EDEB-41E2-9AB7-25227B443FFB}.Debug|x86.ActiveCfg = Debug|Any CPU
		{6BE38091-EDEB-41E2-9AB7-25227B443FFB}.Debug|x86.Build.0 = Debug|Any CPU
		{6BE38091-EDEB-41E2-9AB7-25227B443FFB}.Release|Any CPU.ActiveCfg = Release|Any CPU
		{6BE38091-EDEB-41E2-9AB7-25227B443FFB}.Release|Any CPU.Build.0 = Release|Any CPU
		{6BE38091-EDEB-41E2-9AB7-25227B443FFB}.Release|ARM.ActiveCfg = Release|Any CPU
		{6BE38091-EDEB-41E2-9AB7-25227B443FFB}.Release|ARM.Build.0 = Release|Any CPU
		{6BE38091-EDEB-41E2-9AB7-25227B443FFB}.Release|x64.ActiveCfg = Release|Any CPU
		{6BE38091-EDEB-41E2-9AB7-25227B443FFB}.Release|x64.Build.0 = Release|Any CPU
		{6BE38091-EDEB-41E2-9AB7-25227B443FFB}.Release|x86.ActiveCfg = Release|Any CPU
		{6BE38091-EDEB-41E2-9AB7-25227B443FFB}.Release|x86.Build.0 = Release|Any CPU
		{33A11B8C-2778-4900-8E73-C3F99ACC8159}.Debug|Any CPU.ActiveCfg = Debug|Any CPU
		{33A11B8C-2778-4900-8E73-C3F99ACC8159}.Debug|Any CPU.Build.0 = Debug|Any CPU
		{33A11B8C-2778-4900-8E73-C3F99ACC8159}.Debug|ARM.ActiveCfg = Debug|Any CPU
		{33A11B8C-2778-4900-8E73-C3F99ACC8159}.Debug|ARM.Build.0 = Debug|Any CPU
		{33A11B8C-2778-4900-8E73-C3F99ACC8159}.Debug|x64.ActiveCfg = Debug|Any CPU
		{33A11B8C-2778-4900-8E73-C3F99ACC8159}.Debug|x64.Build.0 = Debug|Any CPU
		{33A11B8C-2778-4900-8E73-C3F99ACC8159}.Debug|x86.ActiveCfg = Debug|Any CPU
		{33A11B8C-2778-4900-8E73-C3F99ACC8159}.Debug|x86.Build.0 = Debug|Any CPU
		{33A11B8C-2778-4900-8E73-C3F99ACC8159}.Release|Any CPU.ActiveCfg = Release|Any CPU
		{33A11B8C-2778-4900-8E73-C3F99ACC8159}.Release|Any CPU.Build.0 = Release|Any CPU
		{33A11B8C-2778-4900-8E73-C3F99ACC8159}.Release|ARM.ActiveCfg = Release|Any CPU
		{33A11B8C-2778-4900-8E73-C3F99ACC8159}.Release|ARM.Build.0 = Release|Any CPU
		{33A11B8C-2778-4900-8E73-C3F99ACC8159}.Release|x64.ActiveCfg = Release|Any CPU
		{33A11B8C-2778-4900-8E73-C3F99ACC8159}.Release|x64.Build.0 = Release|Any CPU
		{33A11B8C-2778-4900-8E73-C3F99ACC8159}.Release|x86.ActiveCfg = Release|Any CPU
		{33A11B8C-2778-4900-8E73-C3F99ACC8159}.Release|x86.Build.0 = Release|Any CPU
		{BA11D982-EF4E-4320-9FE1-E13E473037D3}.Debug|Any CPU.ActiveCfg = Debug|Any CPU
		{BA11D982-EF4E-4320-9FE1-E13E473037D3}.Debug|Any CPU.Build.0 = Debug|Any CPU
		{BA11D982-EF4E-4320-9FE1-E13E473037D3}.Debug|ARM.ActiveCfg = Debug|Any CPU
		{BA11D982-EF4E-4320-9FE1-E13E473037D3}.Debug|ARM.Build.0 = Debug|Any CPU
		{BA11D982-EF4E-4320-9FE1-E13E473037D3}.Debug|x64.ActiveCfg = Debug|Any CPU
		{BA11D982-EF4E-4320-9FE1-E13E473037D3}.Debug|x64.Build.0 = Debug|Any CPU
		{BA11D982-EF4E-4320-9FE1-E13E473037D3}.Debug|x86.ActiveCfg = Debug|Any CPU
		{BA11D982-EF4E-4320-9FE1-E13E473037D3}.Debug|x86.Build.0 = Debug|Any CPU
		{BA11D982-EF4E-4320-9FE1-E13E473037D3}.Release|Any CPU.ActiveCfg = Release|Any CPU
		{BA11D982-EF4E-4320-9FE1-E13E473037D3}.Release|Any CPU.Build.0 = Release|Any CPU
		{BA11D982-EF4E-4320-9FE1-E13E473037D3}.Release|ARM.ActiveCfg = Release|Any CPU
		{BA11D982-EF4E-4320-9FE1-E13E473037D3}.Release|ARM.Build.0 = Release|Any CPU
		{BA11D982-EF4E-4320-9FE1-E13E473037D3}.Release|x64.ActiveCfg = Release|Any CPU
		{BA11D982-EF4E-4320-9FE1-E13E473037D3}.Release|x64.Build.0 = Release|Any CPU
		{BA11D982-EF4E-4320-9FE1-E13E473037D3}.Release|x86.ActiveCfg = Release|Any CPU
		{BA11D982-EF4E-4320-9FE1-E13E473037D3}.Release|x86.Build.0 = Release|Any CPU
		{E90E9EB7-0806-4CE2-BA52-26FBAC0BE8E4}.Debug|Any CPU.ActiveCfg = Debug|Any CPU
		{E90E9EB7-0806-4CE2-BA52-26FBAC0BE8E4}.Debug|Any CPU.Build.0 = Debug|Any CPU
		{E90E9EB7-0806-4CE2-BA52-26FBAC0BE8E4}.Debug|ARM.ActiveCfg = Debug|Any CPU
		{E90E9EB7-0806-4CE2-BA52-26FBAC0BE8E4}.Debug|ARM.Build.0 = Debug|Any CPU
		{E90E9EB7-0806-4CE2-BA52-26FBAC0BE8E4}.Debug|x64.ActiveCfg = Debug|Any CPU
		{E90E9EB7-0806-4CE2-BA52-26FBAC0BE8E4}.Debug|x64.Build.0 = Debug|Any CPU
		{E90E9EB7-0806-4CE2-BA52-26FBAC0BE8E4}.Debug|x86.ActiveCfg = Debug|Any CPU
		{E90E9EB7-0806-4CE2-BA52-26FBAC0BE8E4}.Debug|x86.Build.0 = Debug|Any CPU
		{E90E9EB7-0806-4CE2-BA52-26FBAC0BE8E4}.Release|Any CPU.ActiveCfg = Release|Any CPU
		{E90E9EB7-0806-4CE2-BA52-26FBAC0BE8E4}.Release|Any CPU.Build.0 = Release|Any CPU
		{E90E9EB7-0806-4CE2-BA52-26FBAC0BE8E4}.Release|ARM.ActiveCfg = Release|Any CPU
		{E90E9EB7-0806-4CE2-BA52-26FBAC0BE8E4}.Release|ARM.Build.0 = Release|Any CPU
		{E90E9EB7-0806-4CE2-BA52-26FBAC0BE8E4}.Release|x64.ActiveCfg = Release|Any CPU
		{E90E9EB7-0806-4CE2-BA52-26FBAC0BE8E4}.Release|x64.Build.0 = Release|Any CPU
		{E90E9EB7-0806-4CE2-BA52-26FBAC0BE8E4}.Release|x86.ActiveCfg = Release|Any CPU
		{E90E9EB7-0806-4CE2-BA52-26FBAC0BE8E4}.Release|x86.Build.0 = Release|Any CPU
		{A55FD3BB-708B-460B-B20B-7E5753FC6854}.Debug|Any CPU.ActiveCfg = Debug|Any CPU
		{A55FD3BB-708B-460B-B20B-7E5753FC6854}.Debug|Any CPU.Build.0 = Debug|Any CPU
		{A55FD3BB-708B-460B-B20B-7E5753FC6854}.Debug|ARM.ActiveCfg = Debug|Any CPU
		{A55FD3BB-708B-460B-B20B-7E5753FC6854}.Debug|ARM.Build.0 = Debug|Any CPU
		{A55FD3BB-708B-460B-B20B-7E5753FC6854}.Debug|x64.ActiveCfg = Debug|Any CPU
		{A55FD3BB-708B-460B-B20B-7E5753FC6854}.Debug|x64.Build.0 = Debug|Any CPU
		{A55FD3BB-708B-460B-B20B-7E5753FC6854}.Debug|x86.ActiveCfg = Debug|Any CPU
		{A55FD3BB-708B-460B-B20B-7E5753FC6854}.Debug|x86.Build.0 = Debug|Any CPU
		{A55FD3BB-708B-460B-B20B-7E5753FC6854}.Release|Any CPU.ActiveCfg = Release|Any CPU
		{A55FD3BB-708B-460B-B20B-7E5753FC6854}.Release|Any CPU.Build.0 = Release|Any CPU
		{A55FD3BB-708B-460B-B20B-7E5753FC6854}.Release|ARM.ActiveCfg = Release|Any CPU
		{A55FD3BB-708B-460B-B20B-7E5753FC6854}.Release|ARM.Build.0 = Release|Any CPU
		{A55FD3BB-708B-460B-B20B-7E5753FC6854}.Release|x64.ActiveCfg = Release|Any CPU
		{A55FD3BB-708B-460B-B20B-7E5753FC6854}.Release|x64.Build.0 = Release|Any CPU
		{A55FD3BB-708B-460B-B20B-7E5753FC6854}.Release|x86.ActiveCfg = Release|Any CPU
		{A55FD3BB-708B-460B-B20B-7E5753FC6854}.Release|x86.Build.0 = Release|Any CPU
	EndGlobalSection
	GlobalSection(SolutionProperties) = preSolution
		HideSolutionNode = FALSE
	EndGlobalSection
	GlobalSection(ExtensibilityGlobals) = postSolution
		SolutionGuid = {E2971610-8325-411D-A593-8C9DCE9989B4}
	EndGlobalSection
EndGlobal
